
Microsoft Visual Studio Solution File, Format Version 12.00
# Visual Studio Version 16
VisualStudioVersion = 16.0.29911.84
MinimumVisualStudioVersion = 10.0.40219.1
Project("{FAE04EC0-301F-11D3-BF4B-00C04F79EFBC}") = "OverrideReadWriteByteOnStream", "OverrideReadWriteByteOnStream\OverrideReadWriteByteOnStream\OverrideReadWriteByteOnStream.csproj", "{BE3AAF1D-7A88-4DEF-B595-470907FCDE1C}"
EndProject
Project("{FAE04EC0-301F-11D3-BF4B-00C04F79EFBC}") = "OverrideReadWriteByteOnStream.Test", "OverrideReadWriteByteOnStream\OverrideReadWriteByteOnStream.Test\OverrideReadWriteByteOnStream.Test.csproj", "{B65B72E6-0AE1-43EB-B9A7-FA010D76872B}"
EndProject
Project("{FAE04EC0-301F-11D3-BF4B-00C04F79EFBC}") = "OverrideReadWriteByteOnStream.Vsix", "OverrideReadWriteByteOnStream\OverrideReadWriteByteOnStream.Vsix\OverrideReadWriteByteOnStream.Vsix.csproj", "{71B028CC-8074-454B-934D-97CE8985C4CD}"
EndProject
Global
	GlobalSection(SolutionConfigurationPlatforms) = preSolution
		Debug|Any CPU = Debug|Any CPU
		Release|Any CPU = Release|Any CPU
	EndGlobalSection
	GlobalSection(ProjectConfigurationPlatforms) = postSolution
		{BE3AAF1D-7A88-4DEF-B595-470907FCDE1C}.Debug|Any CPU.ActiveCfg = Debug|Any CPU
		{BE3AAF1D-7A88-4DEF-B595-470907FCDE1C}.Debug|Any CPU.Build.0 = Debug|Any CPU
		{BE3AAF1D-7A88-4DEF-B595-470907FCDE1C}.Release|Any CPU.ActiveCfg = Release|Any CPU
		{BE3AAF1D-7A88-4DEF-B595-470907FCDE1C}.Release|Any CPU.Build.0 = Release|Any CPU
		{B65B72E6-0AE1-43EB-B9A7-FA010D76872B}.Debug|Any CPU.ActiveCfg = Debug|Any CPU
		{B65B72E6-0AE1-43EB-B9A7-FA010D76872B}.Debug|Any CPU.Build.0 = Debug|Any CPU
		{B65B72E6-0AE1-43EB-B9A7-FA010D76872B}.Release|Any CPU.ActiveCfg = Release|Any CPU
		{B65B72E6-0AE1-43EB-B9A7-FA010D76872B}.Release|Any CPU.Build.0 = Release|Any CPU
		{71B028CC-8074-454B-934D-97CE8985C4CD}.Debug|Any CPU.ActiveCfg = Debug|Any CPU
		{71B028CC-8074-454B-934D-97CE8985C4CD}.Debug|Any CPU.Build.0 = Debug|Any CPU
		{71B028CC-8074-454B-934D-97CE8985C4CD}.Release|Any CPU.ActiveCfg = Release|Any CPU
		{71B028CC-8074-454B-934D-97CE8985C4CD}.Release|Any CPU.Build.0 = Release|Any CPU
	EndGlobalSection
	GlobalSection(SolutionProperties) = preSolution
		HideSolutionNode = FALSE
	EndGlobalSection
	GlobalSection(ExtensibilityGlobals) = postSolution
		SolutionGuid = {5E65C512-1B12-41E1-9A39-D16C37D76215}
	EndGlobalSection
EndGlobal
